
Microsoft Visual Studio Solution File, Format Version 12.00
# Visual Studio Version 16
VisualStudioVersion = 16.0.33529.622
MinimumVisualStudioVersion = 10.0.40219.1
Project("{FAE04EC0-301F-11D3-BF4B-00C04F79EFBC}") = "DDW_PDV_WPF", "DDW_PDV_WPF\DDW_PDV_WPF.csproj", "{A61DDB32-51E5-4790-BB0B-2E64DC37FC16}"
EndProject
Global
	GlobalSection(SolutionConfigurationPlatforms) = preSolution
		Debug|Any CPU = Debug|Any CPU
		Release|Any CPU = Release|Any CPU
	EndGlobalSection
	GlobalSection(ProjectConfigurationPlatforms) = postSolution
		{A61DDB32-51E5-4790-BB0B-2E64DC37FC16}.Debug|Any CPU.ActiveCfg = Debug|Any CPU
		{A61DDB32-51E5-4790-BB0B-2E64DC37FC16}.Debug|Any CPU.Build.0 = Debug|Any CPU
		{A61DDB32-51E5-4790-BB0B-2E64DC37FC16}.Release|Any CPU.ActiveCfg = Release|Any CPU
		{A61DDB32-51E5-4790-BB0B-2E64DC37FC16}.Release|Any CPU.Build.0 = Release|Any CPU
	EndGlobalSection
	GlobalSection(SolutionProperties) = preSolution
		HideSolutionNode = FALSE
	EndGlobalSection
	GlobalSection(ExtensibilityGlobals) = postSolution
		SolutionGuid = {44895D6F-6D8D-4EAF-A0AD-E2814D6C9AF8}
	EndGlobalSection
EndGlobal
